
Microsoft Visual Studio Solution File, Format Version 12.00
# Visual Studio Version 16
VisualStudioVersion = 16.0.29311.281
MinimumVisualStudioVersion = 10.0.40219.1
Project("{FAE04EC0-301F-11D3-BF4B-00C04F79EFBC}") = "Analysis", "Analysis\Analysis.csproj", "{2597753F-8F00-4372-A3A8-66B60548E195}"
EndProject
Global
	GlobalSection(SolutionConfigurationPlatforms) = preSolution
		Debug|Any CPU = Debug|Any CPU
		Release|Any CPU = Release|Any CPU
	EndGlobalSection
	GlobalSection(ProjectConfigurationPlatforms) = postSolution
		{2597753F-8F00-4372-A3A8-66B60548E195}.Debug|Any CPU.ActiveCfg = Debug|Any CPU
		{2597753F-8F00-4372-A3A8-66B60548E195}.Debug|Any CPU.Build.0 = Debug|Any CPU
		{2597753F-8F00-4372-A3A8-66B60548E195}.Release|Any CPU.ActiveCfg = Release|Any CPU
		{2597753F-8F00-4372-A3A8-66B60548E195}.Release|Any CPU.Build.0 = Release|Any CPU
	EndGlobalSection
	GlobalSection(SolutionProperties) = preSolution
		HideSolutionNode = FALSE
	EndGlobalSection
	GlobalSection(ExtensibilityGlobals) = postSolution
		SolutionGuid = {7ACC5369-1BF6-41E1-B5FD-C22C9108745E}
	EndGlobalSection
EndGlobal
